
Microsoft Visual Studio Solution File, Format Version 12.00
# Visual Studio Version 17
VisualStudioVersion = 17.5.33424.131
MinimumVisualStudioVersion = 10.0.40219.1
Project("{FAE04EC0-301F-11D3-BF4B-00C04F79EFBC}") = "WebBrowser.UI", "WebBrowser.UI\WebBrowser.UI.csproj", "{A6B3FF16-D61C-4C0D-B408-89EF1EFB57E6}"
EndProject
Project("{FAE04EC0-301F-11D3-BF4B-00C04F79EFBC}") = "WebBrowser.Logic", "WebBrowser.Logic\WebBrowser.Logic.csproj", "{3CC35D17-2E57-4771-BDB5-CF922FA623AC}"
EndProject
Project("{FAE04EC0-301F-11D3-BF4B-00C04F79EFBC}") = "WebBrowser.Data", "WebBrowser.Data\WebBrowser.Data.csproj", "{84BC8473-94E4-45DB-8F38-DFB3221101FF}"
EndProject
Global
	GlobalSection(SolutionConfigurationPlatforms) = preSolution
		Debug|Any CPU = Debug|Any CPU
		Release|Any CPU = Release|Any CPU
	EndGlobalSection
	GlobalSection(ProjectConfigurationPlatforms) = postSolution
		{A6B3FF16-D61C-4C0D-B408-89EF1EFB57E6}.Debug|Any CPU.ActiveCfg = Debug|Any CPU
		{A6B3FF16-D61C-4C0D-B408-89EF1EFB57E6}.Debug|Any CPU.Build.0 = Debug|Any CPU
		{A6B3FF16-D61C-4C0D-B408-89EF1EFB57E6}.Release|Any CPU.ActiveCfg = Release|Any CPU
		{A6B3FF16-D61C-4C0D-B408-89EF1EFB57E6}.Release|Any CPU.Build.0 = Release|Any CPU
		{3CC35D17-2E57-4771-BDB5-CF922FA623AC}.Debug|Any CPU.ActiveCfg = Debug|Any CPU
		{3CC35D17-2E57-4771-BDB5-CF922FA623AC}.Debug|Any CPU.Build.0 = Debug|Any CPU
		{3CC35D17-2E57-4771-BDB5-CF922FA623AC}.Release|Any CPU.ActiveCfg = Release|Any CPU
		{3CC35D17-2E57-4771-BDB5-CF922FA623AC}.Release|Any CPU.Build.0 = Release|Any CPU
		{84BC8473-94E4-45DB-8F38-DFB3221101FF}.Debug|Any CPU.ActiveCfg = Debug|Any CPU
		{84BC8473-94E4-45DB-8F38-DFB3221101FF}.Debug|Any CPU.Build.0 = Debug|Any CPU
		{84BC8473-94E4-45DB-8F38-DFB3221101FF}.Release|Any CPU.ActiveCfg = Release|Any CPU
		{84BC8473-94E4-45DB-8F38-DFB3221101FF}.Release|Any CPU.Build.0 = Release|Any CPU
	EndGlobalSection
	GlobalSection(SolutionProperties) = preSolution
		HideSolutionNode = FALSE
	EndGlobalSection
	GlobalSection(ExtensibilityGlobals) = postSolution
		SolutionGuid = {3B236B54-9DDE-4F92-9269-FB74CC5236D2}
	EndGlobalSection
EndGlobal
